
Microsoft Visual Studio Solution File, Format Version 12.00
# Visual Studio Version 17
VisualStudioVersion = 17.6.33801.468
MinimumVisualStudioVersion = 10.0.40219.1
Project("{FAE04EC0-301F-11D3-BF4B-00C04F79EFBC}") = "DataTypes", "DataTypes\DataTypes.csproj", "{97D32C75-CE68-4829-B400-CA1D02C85266}"
EndProject
Project("{FAE04EC0-301F-11D3-BF4B-00C04F79EFBC}") = "DataTypes.Web", "DataTypes.Web\DataTypes.Web.csproj", "{5A5689F4-9B46-4392-8328-C916A1D45035}"
EndProject
Global
	GlobalSection(SolutionConfigurationPlatforms) = preSolution
		Debug|Any CPU = Debug|Any CPU
		Release|Any CPU = Release|Any CPU
	EndGlobalSection
	GlobalSection(ProjectConfigurationPlatforms) = postSolution
		{97D32C75-CE68-4829-B400-CA1D02C85266}.Debug|Any CPU.ActiveCfg = Debug|Any CPU
		{97D32C75-CE68-4829-B400-CA1D02C85266}.Debug|Any CPU.Build.0 = Debug|Any CPU
		{97D32C75-CE68-4829-B400-CA1D02C85266}.Release|Any CPU.ActiveCfg = Release|Any CPU
		{97D32C75-CE68-4829-B400-CA1D02C85266}.Release|Any CPU.Build.0 = Release|Any CPU
		{5A5689F4-9B46-4392-8328-C916A1D45035}.Debug|Any CPU.ActiveCfg = Debug|Any CPU
		{5A5689F4-9B46-4392-8328-C916A1D45035}.Debug|Any CPU.Build.0 = Debug|Any CPU
		{5A5689F4-9B46-4392-8328-C916A1D45035}.Release|Any CPU.ActiveCfg = Release|Any CPU
		{5A5689F4-9B46-4392-8328-C916A1D45035}.Release|Any CPU.Build.0 = Release|Any CPU
	EndGlobalSection
	GlobalSection(SolutionProperties) = preSolution
		HideSolutionNode = FALSE
	EndGlobalSection
	GlobalSection(ExtensibilityGlobals) = postSolution
		SolutionGuid = {F20C0B5B-850A-4563-A8C3-3FA6C30B5927}
	EndGlobalSection
EndGlobal
