
Microsoft Visual Studio Solution File, Format Version 12.00
# Visual Studio Version 17
VisualStudioVersion = 17.6.33801.468
MinimumVisualStudioVersion = 10.0.40219.1
Project("{9A19103F-16F7-4668-BE54-9A1E7A4F7556}") = "WebApi.Cors.Example", "WebApi.Cors.Example\WebApi.Cors.Example.csproj", "{5B8E6E70-2700-4E0C-A193-B5726CFB23B2}"
EndProject
Project("{9A19103F-16F7-4668-BE54-9A1E7A4F7556}") = "Webcores.Example.Client", "Webcores.Example.Client\Webcores.Example.Client.csproj", "{924FB884-F80A-4081-887D-495304C18474}"
EndProject
Global
	GlobalSection(SolutionConfigurationPlatforms) = preSolution
		Debug|Any CPU = Debug|Any CPU
		Release|Any CPU = Release|Any CPU
	EndGlobalSection
	GlobalSection(ProjectConfigurationPlatforms) = postSolution
		{5B8E6E70-2700-4E0C-A193-B5726CFB23B2}.Debug|Any CPU.ActiveCfg = Debug|Any CPU
		{5B8E6E70-2700-4E0C-A193-B5726CFB23B2}.Debug|Any CPU.Build.0 = Debug|Any CPU
		{5B8E6E70-2700-4E0C-A193-B5726CFB23B2}.Release|Any CPU.ActiveCfg = Release|Any CPU
		{5B8E6E70-2700-4E0C-A193-B5726CFB23B2}.Release|Any CPU.Build.0 = Release|Any CPU
		{924FB884-F80A-4081-887D-495304C18474}.Debug|Any CPU.ActiveCfg = Debug|Any CPU
		{924FB884-F80A-4081-887D-495304C18474}.Debug|Any CPU.Build.0 = Debug|Any CPU
		{924FB884-F80A-4081-887D-495304C18474}.Release|Any CPU.ActiveCfg = Release|Any CPU
		{924FB884-F80A-4081-887D-495304C18474}.Release|Any CPU.Build.0 = Release|Any CPU
	EndGlobalSection
	GlobalSection(SolutionProperties) = preSolution
		HideSolutionNode = FALSE
	EndGlobalSection
	GlobalSection(ExtensibilityGlobals) = postSolution
		SolutionGuid = {5A921548-C533-4DF4-B409-280A4DEC6CDB}
	EndGlobalSection
EndGlobal
