
Microsoft Visual Studio Solution File, Format Version 12.00
# Visual Studio Version 17
VisualStudioVersion = 17.6.33801.468
MinimumVisualStudioVersion = 10.0.40219.1
Project("{9A19103F-16F7-4668-BE54-9A1E7A4F7556}") = "DataAccess.Example", "DataAccess.Example\DataAccess.Example.csproj", "{E950ED99-0402-49E7-B954-506A5B057176}"
EndProject
Project("{9A19103F-16F7-4668-BE54-9A1E7A4F7556}") = "DataAccess.Example.Core", "DataAccess.Example.Core\DataAccess.Example.Core.csproj", "{F11A4A70-42A0-473B-8921-917A86B8791C}"
EndProject
Project("{9A19103F-16F7-4668-BE54-9A1E7A4F7556}") = "DataAccess.Example.EntityFramework", "DataAccess.Example.EntityFramework\DataAccess.Example.EntityFramework.csproj", "{7EA9E294-D821-49A0-BF1B-EA13C5C59DBC}"
EndProject
Project("{9A19103F-16F7-4668-BE54-9A1E7A4F7556}") = "DataAccess.Example.WebApi", "DataAccess.Example.WebApi\DataAccess.Example.WebApi.csproj", "{AD65CD6D-292E-4DDF-A207-28910FB52665}"
EndProject
Project("{9A19103F-16F7-4668-BE54-9A1E7A4F7556}") = "DataAccess.UnitTest", "DataAccess.UnitTest\DataAccess.UnitTest.csproj", "{70DBA29E-9A1A-49A5-AA7C-2B0D5D559487}"
EndProject
Project("{E53339B2-1760-4266-BCC7-CA923CBCF16C}") = "docker-compose", "docker-compose.dcproj", "{1B18B161-5C61-4B76-8BA6-47498C826388}"
EndProject
Global
	GlobalSection(SolutionConfigurationPlatforms) = preSolution
		Debug|Any CPU = Debug|Any CPU
		Release|Any CPU = Release|Any CPU
	EndGlobalSection
	GlobalSection(ProjectConfigurationPlatforms) = postSolution
		{E950ED99-0402-49E7-B954-506A5B057176}.Debug|Any CPU.ActiveCfg = Debug|Any CPU
		{E950ED99-0402-49E7-B954-506A5B057176}.Debug|Any CPU.Build.0 = Debug|Any CPU
		{E950ED99-0402-49E7-B954-506A5B057176}.Release|Any CPU.ActiveCfg = Release|Any CPU
		{E950ED99-0402-49E7-B954-506A5B057176}.Release|Any CPU.Build.0 = Release|Any CPU
		{F11A4A70-42A0-473B-8921-917A86B8791C}.Debug|Any CPU.ActiveCfg = Debug|Any CPU
		{F11A4A70-42A0-473B-8921-917A86B8791C}.Debug|Any CPU.Build.0 = Debug|Any CPU
		{F11A4A70-42A0-473B-8921-917A86B8791C}.Release|Any CPU.ActiveCfg = Release|Any CPU
		{F11A4A70-42A0-473B-8921-917A86B8791C}.Release|Any CPU.Build.0 = Release|Any CPU
		{7EA9E294-D821-49A0-BF1B-EA13C5C59DBC}.Debug|Any CPU.ActiveCfg = Debug|Any CPU
		{7EA9E294-D821-49A0-BF1B-EA13C5C59DBC}.Debug|Any CPU.Build.0 = Debug|Any CPU
		{7EA9E294-D821-49A0-BF1B-EA13C5C59DBC}.Release|Any CPU.ActiveCfg = Release|Any CPU
		{7EA9E294-D821-49A0-BF1B-EA13C5C59DBC}.Release|Any CPU.Build.0 = Release|Any CPU
		{AD65CD6D-292E-4DDF-A207-28910FB52665}.Debug|Any CPU.ActiveCfg = Debug|Any CPU
		{AD65CD6D-292E-4DDF-A207-28910FB52665}.Debug|Any CPU.Build.0 = Debug|Any CPU
		{AD65CD6D-292E-4DDF-A207-28910FB52665}.Release|Any CPU.ActiveCfg = Release|Any CPU
		{AD65CD6D-292E-4DDF-A207-28910FB52665}.Release|Any CPU.Build.0 = Release|Any CPU
		{70DBA29E-9A1A-49A5-AA7C-2B0D5D559487}.Debug|Any CPU.ActiveCfg = Debug|Any CPU
		{70DBA29E-9A1A-49A5-AA7C-2B0D5D559487}.Debug|Any CPU.Build.0 = Debug|Any CPU
		{70DBA29E-9A1A-49A5-AA7C-2B0D5D559487}.Release|Any CPU.ActiveCfg = Release|Any CPU
		{70DBA29E-9A1A-49A5-AA7C-2B0D5D559487}.Release|Any CPU.Build.0 = Release|Any CPU
		{1B18B161-5C61-4B76-8BA6-47498C826388}.Debug|Any CPU.ActiveCfg = Debug|Any CPU
		{1B18B161-5C61-4B76-8BA6-47498C826388}.Debug|Any CPU.Build.0 = Debug|Any CPU
		{1B18B161-5C61-4B76-8BA6-47498C826388}.Release|Any CPU.ActiveCfg = Release|Any CPU
		{1B18B161-5C61-4B76-8BA6-47498C826388}.Release|Any CPU.Build.0 = Release|Any CPU
	EndGlobalSection
	GlobalSection(SolutionProperties) = preSolution
		HideSolutionNode = FALSE
	EndGlobalSection
	GlobalSection(ExtensibilityGlobals) = postSolution
		SolutionGuid = {D90B62BA-FA43-46BA-8C90-EFFCD0314575}
	EndGlobalSection
EndGlobal
