
Microsoft Visual Studio Solution File, Format Version 12.00
# Visual Studio Version 17
VisualStudioVersion = 17.6.33801.468
MinimumVisualStudioVersion = 10.0.40219.1
Project("{9A19103F-16F7-4668-BE54-9A1E7A4F7556}") = "GymManager.Web", "GymMananger.Web\GymManager.Web.csproj", "{63B80035-E4BC-4A20-9978-2C229C08A1E2}"
EndProject
Project("{9A19103F-16F7-4668-BE54-9A1E7A4F7556}") = "GymManager.ApplicationServices", "GymManager.ApplicationServices\GymManager.ApplicationServices.csproj", "{9A71416D-3CB4-4A85-840D-2E2B138D165D}"
EndProject
Project("{9A19103F-16F7-4668-BE54-9A1E7A4F7556}") = "GymManager.Core", "GymManager.Core\GymManager.Core.csproj", "{64F29515-621F-4086-AB33-27E294F52556}"
EndProject
Project("{9A19103F-16F7-4668-BE54-9A1E7A4F7556}") = "GymManager.DataAcces", "GymManager.DataAcces\GymManager.DataAcces.csproj", "{AC1876FF-5E2E-4210-96E2-38F0FB2CC106}"
EndProject
Project("{FAE04EC0-301F-11D3-BF4B-00C04F79EFBC}") = "GymManager.Report.Desing", "GymManager.Report.Desing\GymManager.Report.Desing.csproj", "{275B061F-17FA-4068-8687-CA4C54570799}"
EndProject
Global
	GlobalSection(SolutionConfigurationPlatforms) = preSolution
		Debug|Any CPU = Debug|Any CPU
		Release|Any CPU = Release|Any CPU
	EndGlobalSection
	GlobalSection(ProjectConfigurationPlatforms) = postSolution
		{63B80035-E4BC-4A20-9978-2C229C08A1E2}.Debug|Any CPU.ActiveCfg = Debug|Any CPU
		{63B80035-E4BC-4A20-9978-2C229C08A1E2}.Debug|Any CPU.Build.0 = Debug|Any CPU
		{63B80035-E4BC-4A20-9978-2C229C08A1E2}.Release|Any CPU.ActiveCfg = Release|Any CPU
		{63B80035-E4BC-4A20-9978-2C229C08A1E2}.Release|Any CPU.Build.0 = Release|Any CPU
		{9A71416D-3CB4-4A85-840D-2E2B138D165D}.Debug|Any CPU.ActiveCfg = Debug|Any CPU
		{9A71416D-3CB4-4A85-840D-2E2B138D165D}.Debug|Any CPU.Build.0 = Debug|Any CPU
		{9A71416D-3CB4-4A85-840D-2E2B138D165D}.Release|Any CPU.ActiveCfg = Release|Any CPU
		{9A71416D-3CB4-4A85-840D-2E2B138D165D}.Release|Any CPU.Build.0 = Release|Any CPU
		{64F29515-621F-4086-AB33-27E294F52556}.Debug|Any CPU.ActiveCfg = Debug|Any CPU
		{64F29515-621F-4086-AB33-27E294F52556}.Debug|Any CPU.Build.0 = Debug|Any CPU
		{64F29515-621F-4086-AB33-27E294F52556}.Release|Any CPU.ActiveCfg = Release|Any CPU
		{64F29515-621F-4086-AB33-27E294F52556}.Release|Any CPU.Build.0 = Release|Any CPU
		{AC1876FF-5E2E-4210-96E2-38F0FB2CC106}.Debug|Any CPU.ActiveCfg = Debug|Any CPU
		{AC1876FF-5E2E-4210-96E2-38F0FB2CC106}.Debug|Any CPU.Build.0 = Debug|Any CPU
		{AC1876FF-5E2E-4210-96E2-38F0FB2CC106}.Release|Any CPU.ActiveCfg = Release|Any CPU
		{AC1876FF-5E2E-4210-96E2-38F0FB2CC106}.Release|Any CPU.Build.0 = Release|Any CPU
		{275B061F-17FA-4068-8687-CA4C54570799}.Debug|Any CPU.ActiveCfg = Debug|Any CPU
		{275B061F-17FA-4068-8687-CA4C54570799}.Debug|Any CPU.Build.0 = Debug|Any CPU
		{275B061F-17FA-4068-8687-CA4C54570799}.Release|Any CPU.ActiveCfg = Release|Any CPU
		{275B061F-17FA-4068-8687-CA4C54570799}.Release|Any CPU.Build.0 = Release|Any CPU
	EndGlobalSection
	GlobalSection(SolutionProperties) = preSolution
		HideSolutionNode = FALSE
	EndGlobalSection
	GlobalSection(ExtensibilityGlobals) = postSolution
		SolutionGuid = {221E7B77-8409-4CCF-ADD9-D489EB099A2D}
	EndGlobalSection
EndGlobal
